
Microsoft Visual Studio Solution File, Format Version 12.00
# Visual Studio Version 17
VisualStudioVersion = 17.5.33627.172
MinimumVisualStudioVersion = 10.0.40219.1
Project("{9A19103F-16F7-4668-BE54-9A1E7A4F7556}") = "zodiacSign", "zodiacSign.csproj", "{B4B349B9-703C-4212-BC70-F69FF3ADBD85}"
EndProject
Global
	GlobalSection(SolutionConfigurationPlatforms) = preSolution
		Debug|Any CPU = Debug|Any CPU
		Release|Any CPU = Release|Any CPU
	EndGlobalSection
	GlobalSection(ProjectConfigurationPlatforms) = postSolution
		{B4B349B9-703C-4212-BC70-F69FF3ADBD85}.Debug|Any CPU.ActiveCfg = Debug|Any CPU
		{B4B349B9-703C-4212-BC70-F69FF3ADBD85}.Debug|Any CPU.Build.0 = Debug|Any CPU
		{B4B349B9-703C-4212-BC70-F69FF3ADBD85}.Release|Any CPU.ActiveCfg = Release|Any CPU
		{B4B349B9-703C-4212-BC70-F69FF3ADBD85}.Release|Any CPU.Build.0 = Release|Any CPU
	EndGlobalSection
	GlobalSection(SolutionProperties) = preSolution
		HideSolutionNode = FALSE
	EndGlobalSection
	GlobalSection(ExtensibilityGlobals) = postSolution
		SolutionGuid = {CF22BF94-FC32-40AF-9449-06DAC2E5804E}
	EndGlobalSection
EndGlobal
